{
  "lockfileVersion": 1,
  "configVersion": 1,
  "workspaces": {
    "": {
      "name": "@circlesac/aws-sts-login",
      "dependencies": {
        "agent-browser": "^0.20.0",
        "citty": "^0.2.2",
        "otpauth": "^9.5.0",
      },
    },
  },
  "packages": {
    "@noble/hashes": ["@noble/hashes@2.0.1", "", {}, "sha512-XlOlEbQcE9fmuXxrVTXCTlG2nlRXa9Rj3rr5Ue/+tX+nmkgbX720YHh0VR3hBF9xDvwnb8D2shVGOwNx+ulArw=="],

    "agent-browser": ["agent-browser@0.20.14", "", { "bin": { "agent-browser": "bin/agent-browser.js" } }, "sha512-Z/6uCtDJXsKpr7XkY+ljHbz7QGjorFDQR54v30AMPgs0ocTWT9noId2k3Lwj0XHCZIVpbri3PE7XGOmmJSv6Rg=="],

    "citty": ["citty@0.2.2", "", {}, "sha512-+6vJA3L98yv+IdfKGZHBNiGW5KHn22e/JwID0Strsz8h4S/csAu/OuICwxrg44k5MRiZHWIo8XXuJgQTriRP4w=="],

    "otpauth": ["otpauth@9.5.0", "", { "dependencies": { "@noble/hashes": "2.0.1" } }, "sha512-Ldhc6UYl4baR5toGr8nfKC+L/b8/RgHKoIixAebgoNGzUUCET02g04rMEZ2ZsPfeVQhMHcuaOgb28nwMr81zCA=="],
  }
}
